
Microsoft Visual Studio Solution File, Format Version 12.00
# Visual Studio Version 16
VisualStudioVersion = 16.0.29920.165
MinimumVisualStudioVersion = 10.0.40219.1
Project("{FAE04EC0-301F-11D3-BF4B-00C04F79EFBC}") = "LinkedList", "LinkedList\LinkedList.csproj", "{D47BD73C-B4F8-498F-865D-0F50199DF706}"
EndProject
Global
	GlobalSection(SolutionConfigurationPlatforms) = preSolution
		Debug|Any CPU = Debug|Any CPU
		Release|Any CPU = Release|Any CPU
	EndGlobalSection
	GlobalSection(ProjectConfigurationPlatforms) = postSolution
		{D47BD73C-B4F8-498F-865D-0F50199DF706}.Debug|Any CPU.ActiveCfg = Debug|Any CPU
		{D47BD73C-B4F8-498F-865D-0F50199DF706}.Debug|Any CPU.Build.0 = Debug|Any CPU
		{D47BD73C-B4F8-498F-865D-0F50199DF706}.Release|Any CPU.ActiveCfg = Release|Any CPU
		{D47BD73C-B4F8-498F-865D-0F50199DF706}.Release|Any CPU.Build.0 = Release|Any CPU
	EndGlobalSection
	GlobalSection(SolutionProperties) = preSolution
		HideSolutionNode = FALSE
	EndGlobalSection
	GlobalSection(ExtensibilityGlobals) = postSolution
		SolutionGuid = {A7DA931B-5E94-4EAD-8D2A-2F99A72A4FC8}
	EndGlobalSection
EndGlobal
